
Microsoft Visual Studio Solution File, Format Version 12.00
# Visual Studio Version 16
VisualStudioVersion = 16.0.31729.503
MinimumVisualStudioVersion = 10.0.40219.1
Project("{FAE04EC0-301F-11D3-BF4B-00C04F79EFBC}") = "AcademyG.Week8Test.Ristorante.MVC", "AcademyG.Week8Test.Ristorante.MVC\AcademyG.Week8Test.Ristorante.MVC.csproj", "{DC9FB66F-F2C9-424F-A971-E5B353C17E14}"
EndProject
Project("{FAE04EC0-301F-11D3-BF4B-00C04F79EFBC}") = "AcademyG.Week8Test.Ristorante.Core", "AcademyG.Week8Test.Ristorante.Core\AcademyG.Week8Test.Ristorante.Core.csproj", "{DAB69492-2A85-43C9-9E2D-4EAADE4F4037}"
EndProject
Project("{FAE04EC0-301F-11D3-BF4B-00C04F79EFBC}") = "AcademyG.Week8Test.Ristorante.EF", "AcademyG.Week8Test.Ristorante.EF\AcademyG.Week8Test.Ristorante.EF.csproj", "{729CDA6D-F943-42CF-903E-ECC31B9F9471}"
EndProject
Global
	GlobalSection(SolutionConfigurationPlatforms) = preSolution
		Debug|Any CPU = Debug|Any CPU
		Release|Any CPU = Release|Any CPU
	EndGlobalSection
	GlobalSection(ProjectConfigurationPlatforms) = postSolution
		{DC9FB66F-F2C9-424F-A971-E5B353C17E14}.Debug|Any CPU.ActiveCfg = Debug|Any CPU
		{DC9FB66F-F2C9-424F-A971-E5B353C17E14}.Debug|Any CPU.Build.0 = Debug|Any CPU
		{DC9FB66F-F2C9-424F-A971-E5B353C17E14}.Release|Any CPU.ActiveCfg = Release|Any CPU
		{DC9FB66F-F2C9-424F-A971-E5B353C17E14}.Release|Any CPU.Build.0 = Release|Any CPU
		{DAB69492-2A85-43C9-9E2D-4EAADE4F4037}.Debug|Any CPU.ActiveCfg = Debug|Any CPU
		{DAB69492-2A85-43C9-9E2D-4EAADE4F4037}.Debug|Any CPU.Build.0 = Debug|Any CPU
		{DAB69492-2A85-43C9-9E2D-4EAADE4F4037}.Release|Any CPU.ActiveCfg = Release|Any CPU
		{DAB69492-2A85-43C9-9E2D-4EAADE4F4037}.Release|Any CPU.Build.0 = Release|Any CPU
		{729CDA6D-F943-42CF-903E-ECC31B9F9471}.Debug|Any CPU.ActiveCfg = Debug|Any CPU
		{729CDA6D-F943-42CF-903E-ECC31B9F9471}.Debug|Any CPU.Build.0 = Debug|Any CPU
		{729CDA6D-F943-42CF-903E-ECC31B9F9471}.Release|Any CPU.ActiveCfg = Release|Any CPU
		{729CDA6D-F943-42CF-903E-ECC31B9F9471}.Release|Any CPU.Build.0 = Release|Any CPU
	EndGlobalSection
	GlobalSection(SolutionProperties) = preSolution
		HideSolutionNode = FALSE
	EndGlobalSection
	GlobalSection(ExtensibilityGlobals) = postSolution
		SolutionGuid = {0B197EFE-B3CB-4874-A142-26A6013BFE42}
	EndGlobalSection
EndGlobal
